
Microsoft Visual Studio Solution File, Format Version 12.00
# Visual Studio Version 17
VisualStudioVersion = 17.14.36203.30
MinimumVisualStudioVersion = 10.0.40219.1
Project("{FAE04EC0-301F-11D3-BF4B-00C04F79EFBC}") = "Abstracciones", "Abstracciones\Abstracciones.csproj", "{547289CB-9A1C-4500-8721-31FDDF39B840}"
EndProject
Project("{FAE04EC0-301F-11D3-BF4B-00C04F79EFBC}") = "Reglas", "Reglas\Reglas.csproj", "{3D7B1D63-CA83-4F85-BF9A-561D52756CD7}"
EndProject
Project("{FAE04EC0-301F-11D3-BF4B-00C04F79EFBC}") = "Web", "Web\Web.csproj", "{A1803BDB-9846-4F14-86A7-1BEAC1C8C599}"
EndProject
Global
	GlobalSection(SolutionConfigurationPlatforms) = preSolution
		Debug|Any CPU = Debug|Any CPU
		Release|Any CPU = Release|Any CPU
	EndGlobalSection
	GlobalSection(ProjectConfigurationPlatforms) = postSolution
		{547289CB-9A1C-4500-8721-31FDDF39B840}.Debug|Any CPU.ActiveCfg = Debug|Any CPU
		{547289CB-9A1C-4500-8721-31FDDF39B840}.Debug|Any CPU.Build.0 = Debug|Any CPU
		{547289CB-9A1C-4500-8721-31FDDF39B840}.Release|Any CPU.ActiveCfg = Release|Any CPU
		{547289CB-9A1C-4500-8721-31FDDF39B840}.Release|Any CPU.Build.0 = Release|Any CPU
		{3D7B1D63-CA83-4F85-BF9A-561D52756CD7}.Debug|Any CPU.ActiveCfg = Debug|Any CPU
		{3D7B1D63-CA83-4F85-BF9A-561D52756CD7}.Debug|Any CPU.Build.0 = Debug|Any CPU
		{3D7B1D63-CA83-4F85-BF9A-561D52756CD7}.Release|Any CPU.ActiveCfg = Release|Any CPU
		{3D7B1D63-CA83-4F85-BF9A-561D52756CD7}.Release|Any CPU.Build.0 = Release|Any CPU
		{A1803BDB-9846-4F14-86A7-1BEAC1C8C599}.Debug|Any CPU.ActiveCfg = Debug|Any CPU
		{A1803BDB-9846-4F14-86A7-1BEAC1C8C599}.Debug|Any CPU.Build.0 = Debug|Any CPU
		{A1803BDB-9846-4F14-86A7-1BEAC1C8C599}.Release|Any CPU.ActiveCfg = Release|Any CPU
		{A1803BDB-9846-4F14-86A7-1BEAC1C8C599}.Release|Any CPU.Build.0 = Release|Any CPU
	EndGlobalSection
	GlobalSection(SolutionProperties) = preSolution
		HideSolutionNode = FALSE
	EndGlobalSection
	GlobalSection(ExtensibilityGlobals) = postSolution
		SolutionGuid = {FC5A225E-EEBD-4E44-ACE9-E4E501CEF9F9}
	EndGlobalSection
EndGlobal
